{
  "version": 4,
  "terraform_version": "1.14.3",
  "serial": 3,
  "lineage": "a5ae557e-d200-1369-cb4a-d34d9e0c4a65",
  "outputs": {
    "access_url": {
      "value": "http://localhost:8080",
      "type": "string"
    },
    "container_name": {
      "value": "nginx-terraform",
      "type": "string"
    }
  },
  "resources": [
    {
      "mode": "managed",
      "type": "docker_image",
      "name": "nginx",
      "provider": "provider[\"registry.terraform.io/kreuzwerker/docker\"]",
      "instances": [
        {
          "schema_version": 0,
          "attributes": {
            "build": [],
            "force_remove": null,
            "id": "sha256:5cdef4ac3335f68428701c14c5f12992f5e3669ce8ab7309257d263eb7a856b1nginx:latest",
            "image_id": "sha256:5cdef4ac3335f68428701c14c5f12992f5e3669ce8ab7309257d263eb7a856b1",
            "keep_locally": false,
            "name": "nginx:latest",
            "platform": null,
            "pull_triggers": null,
            "repo_digest": "nginx@sha256:341bf0f3ce6c5277d6002cf6e1fb0319fa4252add24ab6a0e262e0056d313208",
            "timeouts": null,
            "triggers": null
          },
          "sensitive_attributes": [],
          "identity_schema_version": 0,
          "private": "eyJlMmJmYjczMC1lY2FhLTExZTYtOGY4OC0zNDM2M2JjN2M0YzAiOnsiY3JlYXRlIjoxMjAwMDAwMDAwMDAwLCJkZWxldGUiOjEyMDAwMDAwMDAwMDAsInVwZGF0ZSI6MTIwMDAwMDAwMDAwMH19"
        }
      ]
    }
  ],
  "check_results": null
}
